
Microsoft Visual Studio Solution File, Format Version 12.00
Project("{FAE04EC0-301F-11D3-BF4B-00C04F79EFBC}") = "VivaVictoria.Chaos", "VivaVictoria.Chaos\VivaVictoria.Chaos.csproj", "{28669A11-8420-4D71-9CA5-9389D3AE2223}"
EndProject
Project("{2150E333-8FDC-42A3-9474-1A3956D46DE8}") = "RDBMS", "RDBMS", "{868A66BB-4829-4895-B6C0-D7140C149D6A}"
EndProject
Project("{2150E333-8FDC-42A3-9474-1A3956D46DE8}") = "Samples", "Samples", "{CD71DAE4-3FDE-4EA3-A53D-1CE9A6FCAEE4}"
EndProject
Project("{FAE04EC0-301F-11D3-BF4B-00C04F79EFBC}") = "RawSqlSample", "Samples\RawSqlSample\RawSqlSample.csproj", "{45B83A31-6AE8-41A2-B1E0-CB400E2A79AB}"
EndProject
Project("{FAE04EC0-301F-11D3-BF4B-00C04F79EFBC}") = "ReflectionSample", "Samples\ReflectionSample\ReflectionSample.csproj", "{BD8C1096-5F27-4015-B8DC-516DF193DEDA}"
EndProject
Project("{FAE04EC0-301F-11D3-BF4B-00C04F79EFBC}") = "SqlServerSample", "Samples\SqlServerSample\SqlServerSample.csproj", "{DF06D425-7DCE-40AE-A426-4491111694B0}"
EndProject
Project("{FAE04EC0-301F-11D3-BF4B-00C04F79EFBC}") = "ClickHouseSample", "Samples\ClickHouseSample\ClickHouseSample.csproj", "{8CB1B27D-5891-47EB-AF5C-71A5D5375EDD}"
EndProject
Project("{FAE04EC0-301F-11D3-BF4B-00C04F79EFBC}") = "ClickHouse", "Sql\ClickHouse\ClickHouse.csproj", "{20B38E3A-B8DA-4533-BBE2-4303B9A9E30B}"
EndProject
Project("{FAE04EC0-301F-11D3-BF4B-00C04F79EFBC}") = "DapperMigrator", "Sql\DapperMigrator\DapperMigrator.csproj", "{6D2A2F9E-43AD-4D68-B904-53D587373D97}"
EndProject
Project("{FAE04EC0-301F-11D3-BF4B-00C04F79EFBC}") = "Postgres", "Sql\Postgres\Postgres.csproj", "{C00FC578-6506-4BE9-BBE5-9DD4218D40EA}"
EndProject
Project("{FAE04EC0-301F-11D3-BF4B-00C04F79EFBC}") = "Sql", "Sql\Sql\Sql.csproj", "{3565CA66-299F-4E3A-932A-BC226EC688C7}"
EndProject
Project("{FAE04EC0-301F-11D3-BF4B-00C04F79EFBC}") = "RawSqlReader", "Sql\RawSqlReader\RawSqlReader.csproj", "{1B5DC969-296C-4D97-9825-1E53B98FD0F9}"
EndProject
Project("{FAE04EC0-301F-11D3-BF4B-00C04F79EFBC}") = "ReflectionSqlReader", "Sql\ReflectionSqlReader\ReflectionSqlReader.csproj", "{F2A74044-6075-4BF7-A062-2C90A7DF10E8}"
EndProject
Project("{FAE04EC0-301F-11D3-BF4B-00C04F79EFBC}") = "SqlServer", "Sql\SqlServer\SqlServer.csproj", "{0E2834CD-1D42-457C-B446-8B91AEE5F4E3}"
EndProject
Project("{FAE04EC0-301F-11D3-BF4B-00C04F79EFBC}") = "ResxReader", "Sql\ResxReader\ResxReader.csproj", "{DF8C2535-CE39-483F-9150-1B1B31030C55}"
EndProject
Project("{FAE04EC0-301F-11D3-BF4B-00C04F79EFBC}") = "ResxSample", "Samples\ResxSample\ResxSample.csproj", "{329550F9-1712-4BB4-9DAF-D8C39A8A2C9F}"
EndProject
Project("{FAE04EC0-301F-11D3-BF4B-00C04F79EFBC}") = "SerilogSample", "Samples\SerilogSample\SerilogSample.csproj", "{C97A8078-9F32-4568-A62E-DE564900936C}"
EndProject
Project("{FAE04EC0-301F-11D3-BF4B-00C04F79EFBC}") = "SqlLogging", "Sql\SqlLogging\SqlLogging.csproj", "{C8EC69F3-EC3B-4296-93E0-DF4539331428}"
EndProject
Project("{2150E333-8FDC-42A3-9474-1A3956D46DE8}") = "Databases", "Databases", "{D61E5DCC-04AF-45BB-B788-AFE07900668E}"
EndProject
Project("{2150E333-8FDC-42A3-9474-1A3956D46DE8}") = "Parsers", "Parsers", "{F81A63DE-9153-4BC5-979D-E36D25186E20}"
EndProject
Project("{2150E333-8FDC-42A3-9474-1A3956D46DE8}") = "Logging", "Logging", "{53DD5BA6-2309-4FA9-875C-B6BCB9A3E9DD}"
EndProject
Global
	GlobalSection(SolutionConfigurationPlatforms) = preSolution
		Debug|Any CPU = Debug|Any CPU
		Release|Any CPU = Release|Any CPU
	EndGlobalSection
	GlobalSection(ProjectConfigurationPlatforms) = postSolution
		{28669A11-8420-4D71-9CA5-9389D3AE2223}.Debug|Any CPU.ActiveCfg = Debug|Any CPU
		{28669A11-8420-4D71-9CA5-9389D3AE2223}.Debug|Any CPU.Build.0 = Debug|Any CPU
		{28669A11-8420-4D71-9CA5-9389D3AE2223}.Release|Any CPU.ActiveCfg = Release|Any CPU
		{28669A11-8420-4D71-9CA5-9389D3AE2223}.Release|Any CPU.Build.0 = Release|Any CPU
		{45B83A31-6AE8-41A2-B1E0-CB400E2A79AB}.Debug|Any CPU.ActiveCfg = Debug|Any CPU
		{45B83A31-6AE8-41A2-B1E0-CB400E2A79AB}.Debug|Any CPU.Build.0 = Debug|Any CPU
		{45B83A31-6AE8-41A2-B1E0-CB400E2A79AB}.Release|Any CPU.ActiveCfg = Release|Any CPU
		{45B83A31-6AE8-41A2-B1E0-CB400E2A79AB}.Release|Any CPU.Build.0 = Release|Any CPU
		{BD8C1096-5F27-4015-B8DC-516DF193DEDA}.Debug|Any CPU.ActiveCfg = Debug|Any CPU
		{BD8C1096-5F27-4015-B8DC-516DF193DEDA}.Debug|Any CPU.Build.0 = Debug|Any CPU
		{BD8C1096-5F27-4015-B8DC-516DF193DEDA}.Release|Any CPU.ActiveCfg = Release|Any CPU
		{BD8C1096-5F27-4015-B8DC-516DF193DEDA}.Release|Any CPU.Build.0 = Release|Any CPU
		{DF06D425-7DCE-40AE-A426-4491111694B0}.Debug|Any CPU.ActiveCfg = Debug|Any CPU
		{DF06D425-7DCE-40AE-A426-4491111694B0}.Debug|Any CPU.Build.0 = Debug|Any CPU
		{DF06D425-7DCE-40AE-A426-4491111694B0}.Release|Any CPU.ActiveCfg = Release|Any CPU
		{DF06D425-7DCE-40AE-A426-4491111694B0}.Release|Any CPU.Build.0 = Release|Any CPU
		{8CB1B27D-5891-47EB-AF5C-71A5D5375EDD}.Debug|Any CPU.ActiveCfg = Debug|Any CPU
		{8CB1B27D-5891-47EB-AF5C-71A5D5375EDD}.Debug|Any CPU.Build.0 = Debug|Any CPU
		{8CB1B27D-5891-47EB-AF5C-71A5D5375EDD}.Release|Any CPU.ActiveCfg = Release|Any CPU
		{8CB1B27D-5891-47EB-AF5C-71A5D5375EDD}.Release|Any CPU.Build.0 = Release|Any CPU
		{20B38E3A-B8DA-4533-BBE2-4303B9A9E30B}.Debug|Any CPU.ActiveCfg = Debug|Any CPU
		{20B38E3A-B8DA-4533-BBE2-4303B9A9E30B}.Debug|Any CPU.Build.0 = Debug|Any CPU
		{20B38E3A-B8DA-4533-BBE2-4303B9A9E30B}.Release|Any CPU.ActiveCfg = Release|Any CPU
		{20B38E3A-B8DA-4533-BBE2-4303B9A9E30B}.Release|Any CPU.Build.0 = Release|Any CPU
		{6D2A2F9E-43AD-4D68-B904-53D587373D97}.Debug|Any CPU.ActiveCfg = Debug|Any CPU
		{6D2A2F9E-43AD-4D68-B904-53D587373D97}.Debug|Any CPU.Build.0 = Debug|Any CPU
		{6D2A2F9E-43AD-4D68-B904-53D587373D97}.Release|Any CPU.ActiveCfg = Release|Any CPU
		{6D2A2F9E-43AD-4D68-B904-53D587373D97}.Release|Any CPU.Build.0 = Release|Any CPU
		{C00FC578-6506-4BE9-BBE5-9DD4218D40EA}.Debug|Any CPU.ActiveCfg = Debug|Any CPU
		{C00FC578-6506-4BE9-BBE5-9DD4218D40EA}.Debug|Any CPU.Build.0 = Debug|Any CPU
		{C00FC578-6506-4BE9-BBE5-9DD4218D40EA}.Release|Any CPU.ActiveCfg = Release|Any CPU
		{C00FC578-6506-4BE9-BBE5-9DD4218D40EA}.Release|Any CPU.Build.0 = Release|Any CPU
		{3565CA66-299F-4E3A-932A-BC226EC688C7}.Debug|Any CPU.ActiveCfg = Debug|Any CPU
		{3565CA66-299F-4E3A-932A-BC226EC688C7}.Debug|Any CPU.Build.0 = Debug|Any CPU
		{3565CA66-299F-4E3A-932A-BC226EC688C7}.Release|Any CPU.ActiveCfg = Release|Any CPU
		{3565CA66-299F-4E3A-932A-BC226EC688C7}.Release|Any CPU.Build.0 = Release|Any CPU
		{1B5DC969-296C-4D97-9825-1E53B98FD0F9}.Debug|Any CPU.ActiveCfg = Debug|Any CPU
		{1B5DC969-296C-4D97-9825-1E53B98FD0F9}.Debug|Any CPU.Build.0 = Debug|Any CPU
		{1B5DC969-296C-4D97-9825-1E53B98FD0F9}.Release|Any CPU.ActiveCfg = Release|Any CPU
		{1B5DC969-296C-4D97-9825-1E53B98FD0F9}.Release|Any CPU.Build.0 = Release|Any CPU
		{F2A74044-6075-4BF7-A062-2C90A7DF10E8}.Debug|Any CPU.ActiveCfg = Debug|Any CPU
		{F2A74044-6075-4BF7-A062-2C90A7DF10E8}.Debug|Any CPU.Build.0 = Debug|Any CPU
		{F2A74044-6075-4BF7-A062-2C90A7DF10E8}.Release|Any CPU.ActiveCfg = Release|Any CPU
		{F2A74044-6075-4BF7-A062-2C90A7DF10E8}.Release|Any CPU.Build.0 = Release|Any CPU
		{0E2834CD-1D42-457C-B446-8B91AEE5F4E3}.Debug|Any CPU.ActiveCfg = Debug|Any CPU
		{0E2834CD-1D42-457C-B446-8B91AEE5F4E3}.Debug|Any CPU.Build.0 = Debug|Any CPU
		{0E2834CD-1D42-457C-B446-8B91AEE5F4E3}.Release|Any CPU.ActiveCfg = Release|Any CPU
		{0E2834CD-1D42-457C-B446-8B91AEE5F4E3}.Release|Any CPU.Build.0 = Release|Any CPU
		{DF8C2535-CE39-483F-9150-1B1B31030C55}.Debug|Any CPU.ActiveCfg = Debug|Any CPU
		{DF8C2535-CE39-483F-9150-1B1B31030C55}.Debug|Any CPU.Build.0 = Debug|Any CPU
		{DF8C2535-CE39-483F-9150-1B1B31030C55}.Release|Any CPU.ActiveCfg = Release|Any CPU
		{DF8C2535-CE39-483F-9150-1B1B31030C55}.Release|Any CPU.Build.0 = Release|Any CPU
		{329550F9-1712-4BB4-9DAF-D8C39A8A2C9F}.Debug|Any CPU.ActiveCfg = Debug|Any CPU
		{329550F9-1712-4BB4-9DAF-D8C39A8A2C9F}.Debug|Any CPU.Build.0 = Debug|Any CPU
		{329550F9-1712-4BB4-9DAF-D8C39A8A2C9F}.Release|Any CPU.ActiveCfg = Release|Any CPU
		{329550F9-1712-4BB4-9DAF-D8C39A8A2C9F}.Release|Any CPU.Build.0 = Release|Any CPU
		{C97A8078-9F32-4568-A62E-DE564900936C}.Debug|Any CPU.ActiveCfg = Debug|Any CPU
		{C97A8078-9F32-4568-A62E-DE564900936C}.Debug|Any CPU.Build.0 = Debug|Any CPU
		{C97A8078-9F32-4568-A62E-DE564900936C}.Release|Any CPU.ActiveCfg = Release|Any CPU
		{C97A8078-9F32-4568-A62E-DE564900936C}.Release|Any CPU.Build.0 = Release|Any CPU
		{C8EC69F3-EC3B-4296-93E0-DF4539331428}.Debug|Any CPU.ActiveCfg = Debug|Any CPU
		{C8EC69F3-EC3B-4296-93E0-DF4539331428}.Debug|Any CPU.Build.0 = Debug|Any CPU
		{C8EC69F3-EC3B-4296-93E0-DF4539331428}.Release|Any CPU.ActiveCfg = Release|Any CPU
		{C8EC69F3-EC3B-4296-93E0-DF4539331428}.Release|Any CPU.Build.0 = Release|Any CPU
	EndGlobalSection
	GlobalSection(NestedProjects) = preSolution
		{20B38E3A-B8DA-4533-BBE2-4303B9A9E30B} = {868A66BB-4829-4895-B6C0-D7140C149D6A}
		{6D2A2F9E-43AD-4D68-B904-53D587373D97} = {868A66BB-4829-4895-B6C0-D7140C149D6A}
		{C00FC578-6506-4BE9-BBE5-9DD4218D40EA} = {868A66BB-4829-4895-B6C0-D7140C149D6A}
		{3565CA66-299F-4E3A-932A-BC226EC688C7} = {868A66BB-4829-4895-B6C0-D7140C149D6A}
		{1B5DC969-296C-4D97-9825-1E53B98FD0F9} = {868A66BB-4829-4895-B6C0-D7140C149D6A}
		{F2A74044-6075-4BF7-A062-2C90A7DF10E8} = {868A66BB-4829-4895-B6C0-D7140C149D6A}
		{0E2834CD-1D42-457C-B446-8B91AEE5F4E3} = {868A66BB-4829-4895-B6C0-D7140C149D6A}
		{DF8C2535-CE39-483F-9150-1B1B31030C55} = {868A66BB-4829-4895-B6C0-D7140C149D6A}
		{C8EC69F3-EC3B-4296-93E0-DF4539331428} = {868A66BB-4829-4895-B6C0-D7140C149D6A}
		{D61E5DCC-04AF-45BB-B788-AFE07900668E} = {CD71DAE4-3FDE-4EA3-A53D-1CE9A6FCAEE4}
		{8CB1B27D-5891-47EB-AF5C-71A5D5375EDD} = {D61E5DCC-04AF-45BB-B788-AFE07900668E}
		{DF06D425-7DCE-40AE-A426-4491111694B0} = {D61E5DCC-04AF-45BB-B788-AFE07900668E}
		{F81A63DE-9153-4BC5-979D-E36D25186E20} = {CD71DAE4-3FDE-4EA3-A53D-1CE9A6FCAEE4}
		{45B83A31-6AE8-41A2-B1E0-CB400E2A79AB} = {F81A63DE-9153-4BC5-979D-E36D25186E20}
		{BD8C1096-5F27-4015-B8DC-516DF193DEDA} = {F81A63DE-9153-4BC5-979D-E36D25186E20}
		{329550F9-1712-4BB4-9DAF-D8C39A8A2C9F} = {F81A63DE-9153-4BC5-979D-E36D25186E20}
		{53DD5BA6-2309-4FA9-875C-B6BCB9A3E9DD} = {CD71DAE4-3FDE-4EA3-A53D-1CE9A6FCAEE4}
		{C97A8078-9F32-4568-A62E-DE564900936C} = {53DD5BA6-2309-4FA9-875C-B6BCB9A3E9DD}
	EndGlobalSection
EndGlobal
